
Microsoft Visual Studio Solution File, Format Version 12.00
# Visual Studio Version 17
VisualStudioVersion = 17.5.33414.496
MinimumVisualStudioVersion = 10.0.40219.1
Project("{9A19103F-16F7-4668-BE54-9A1E7A4F7556}") = "E-Commerce", "E-Commerce\E-Commerce.csproj", "{E9F836B2-FA35-4BAC-95E5-C060508620F8}"
EndProject
Project("{9A19103F-16F7-4668-BE54-9A1E7A4F7556}") = "Core", "Core\Core.csproj", "{16405C5D-0B5B-422E-B253-0472731FB6E7}"
EndProject
Project("{9A19103F-16F7-4668-BE54-9A1E7A4F7556}") = "Infrastructure", "Infrastructure\Infrastructure.csproj", "{0EECB8E7-6414-487A-9905-C903B373BA57}"
EndProject
Project("{9A19103F-16F7-4668-BE54-9A1E7A4F7556}") = "Services", "Services\Services.csproj", "{9F00712A-CF19-42C2-A78A-3BB395FE9007}"
EndProject
Project("{FAE04EC0-301F-11D3-BF4B-00C04F79EFBC}") = "AdminDashboard", "AdminDashboard\AdminDashboard.csproj", "{9D76A7CF-363D-4B9A-85DB-94518A800BC2}"
EndProject
Global
	GlobalSection(SolutionConfigurationPlatforms) = preSolution
		Debug|Any CPU = Debug|Any CPU
		Release|Any CPU = Release|Any CPU
	EndGlobalSection
	GlobalSection(ProjectConfigurationPlatforms) = postSolution
		{E9F836B2-FA35-4BAC-95E5-C060508620F8}.Debug|Any CPU.ActiveCfg = Debug|Any CPU
		{E9F836B2-FA35-4BAC-95E5-C060508620F8}.Debug|Any CPU.Build.0 = Debug|Any CPU
		{E9F836B2-FA35-4BAC-95E5-C060508620F8}.Release|Any CPU.ActiveCfg = Release|Any CPU
		{E9F836B2-FA35-4BAC-95E5-C060508620F8}.Release|Any CPU.Build.0 = Release|Any CPU
		{16405C5D-0B5B-422E-B253-0472731FB6E7}.Debug|Any CPU.ActiveCfg = Debug|Any CPU
		{16405C5D-0B5B-422E-B253-0472731FB6E7}.Debug|Any CPU.Build.0 = Debug|Any CPU
		{16405C5D-0B5B-422E-B253-0472731FB6E7}.Release|Any CPU.ActiveCfg = Release|Any CPU
		{16405C5D-0B5B-422E-B253-0472731FB6E7}.Release|Any CPU.Build.0 = Release|Any CPU
		{0EECB8E7-6414-487A-9905-C903B373BA57}.Debug|Any CPU.ActiveCfg = Debug|Any CPU
		{0EECB8E7-6414-487A-9905-C903B373BA57}.Debug|Any CPU.Build.0 = Debug|Any CPU
		{0EECB8E7-6414-487A-9905-C903B373BA57}.Release|Any CPU.ActiveCfg = Release|Any CPU
		{0EECB8E7-6414-487A-9905-C903B373BA57}.Release|Any CPU.Build.0 = Release|Any CPU
		{9F00712A-CF19-42C2-A78A-3BB395FE9007}.Debug|Any CPU.ActiveCfg = Debug|Any CPU
		{9F00712A-CF19-42C2-A78A-3BB395FE9007}.Debug|Any CPU.Build.0 = Debug|Any CPU
		{9F00712A-CF19-42C2-A78A-3BB395FE9007}.Release|Any CPU.ActiveCfg = Release|Any CPU
		{9F00712A-CF19-42C2-A78A-3BB395FE9007}.Release|Any CPU.Build.0 = Release|Any CPU
		{9D76A7CF-363D-4B9A-85DB-94518A800BC2}.Debug|Any CPU.ActiveCfg = Debug|Any CPU
		{9D76A7CF-363D-4B9A-85DB-94518A800BC2}.Debug|Any CPU.Build.0 = Debug|Any CPU
		{9D76A7CF-363D-4B9A-85DB-94518A800BC2}.Release|Any CPU.ActiveCfg = Release|Any CPU
		{9D76A7CF-363D-4B9A-85DB-94518A800BC2}.Release|Any CPU.Build.0 = Release|Any CPU
	EndGlobalSection
	GlobalSection(SolutionProperties) = preSolution
		HideSolutionNode = FALSE
	EndGlobalSection
	GlobalSection(ExtensibilityGlobals) = postSolution
		SolutionGuid = {D4199CBF-CFA7-4EC7-A9C3-B5A40C3047FC}
	EndGlobalSection
EndGlobal
